// !$*UTF8*$!
{
	archiveVersion = 1;
	classes = {
	};
	objectVersion = 56;
	objects = {

/* Begin PBXBuildFile section */
		750953062C009531001A55D2 /* PersonListViewController.swift in Sources */ = {isa = PBXBuildFile; fileRef = 750953052C009531001A55D2 /* PersonListViewController.swift */; };
		750953082C00A8D8001A55D2 /* DetailsViewController.swift in Sources */ = {isa = PBXBuildFile; fileRef = 750953072C00A8D8001A55D2 /* DetailsViewController.swift */; };
		7509530B2C00ACDE001A55D2 /* PersonInfoViewController.swift in Sources */ = {isa = PBXBuildFile; fileRef = 7509530A2C00ACDE001A55D2 /* PersonInfoViewController.swift */; };
		751523E72BFE5E2100C6A186 /* AppDelegate.swift in Sources */ = {isa = PBXBuildFile; fileRef = 751523E62BFE5E2100C6A186 /* AppDelegate.swift */; };
		751523E92BFE5E2100C6A186 /* SceneDelegate.swift in Sources */ = {isa = PBXBuildFile; fileRef = 751523E82BFE5E2100C6A186 /* SceneDelegate.swift */; };
		751523EE2BFE5E2100C6A186 /* Main.storyboard in Resources */ = {isa = PBXBuildFile; fileRef = 751523EC2BFE5E2100C6A186 /* Main.storyboard */; };
		751523F02BFE5E2300C6A186 /* Assets.xcassets in Resources */ = {isa = PBXBuildFile; fileRef = 751523EF2BFE5E2300C6A186 /* Assets.xcassets */; };
		751523F32BFE5E2300C6A186 /* LaunchScreen.storyboard in Resources */ = {isa = PBXBuildFile; fileRef = 751523F12BFE5E2300C6A186 /* LaunchScreen.storyboard */; };
		751524012BFE667F00C6A186 /* DataStore.swift in Sources */ = {isa = PBXBuildFile; fileRef = 751524002BFE667F00C6A186 /* DataStore.swift */; };
		751524072BFE670700C6A186 /* Person.swift in Sources */ = {isa = PBXBuildFile; fileRef = 751524062BFE670700C6A186 /* Person.swift */; };
		753987DA2C00FA1E0046A075 /* TabBarViewController.swift in Sources */ = {isa = PBXBuildFile; fileRef = 753987D92C00FA1E0046A075 /* TabBarViewController.swift */; };
		8F63CF5B2C0E191F0024CBED /* HeaderViewCell.swift in Sources */ = {isa = PBXBuildFile; fileRef = 8F63CF5A2C0E191F0024CBED /* HeaderViewCell.swift */; };
/* End PBXBuildFile section */

/* Begin PBXFileReference section */
		750953052C009531001A55D2 /* PersonListViewController.swift */ = {isa = PBXFileReference; lastKnownFileType = sourcecode.swift; path = PersonListViewController.swift; sourceTree = "<group>"; };
		750953072C00A8D8001A55D2 /* DetailsViewController.swift */ = {isa = PBXFileReference; lastKnownFileType = sourcecode.swift; path = DetailsViewController.swift; sourceTree = "<group>"; };
		7509530A2C00ACDE001A55D2 /* PersonInfoViewController.swift */ = {isa = PBXFileReference; lastKnownFileType = sourcecode.swift; path = PersonInfoViewController.swift; sourceTree = "<group>"; };
		751523E32BFE5E2100C6A186 /* PersonList.app */ = {isa = PBXFileReference; explicitFileType = wrapper.application; includeInIndex = 0; path = PersonList.app; sourceTree = BUILT_PRODUCTS_DIR; };
		751523E62BFE5E2100C6A186 /* AppDelegate.swift */ = {isa = PBXFileReference; lastKnownFileType = sourcecode.swift; path = AppDelegate.swift; sourceTree = "<group>"; };
		751523E82BFE5E2100C6A186 /* SceneDelegate.swift */ = {isa = PBXFileReference; lastKnownFileType = sourcecode.swift; path = SceneDelegate.swift; sourceTree = "<group>"; };
		751523ED2BFE5E2100C6A186 /* Base */ = {isa = PBXFileReference; lastKnownFileType = file.storyboard; name = Base; path = Base.lproj/Main.storyboard; sourceTree = "<group>"; };
		751523EF2BFE5E2300C6A186 /* Assets.xcassets */ = {isa = PBXFileReference; lastKnownFileType = folder.assetcatalog; path = Assets.xcassets; sourceTree = "<group>"; };
		751523F22BFE5E2300C6A186 /* Base */ = {isa = PBXFileReference; lastKnownFileType = file.storyboard; name = Base; path = Base.lproj/LaunchScreen.storyboard; sourceTree = "<group>"; };
		751523F42BFE5E2300C6A186 /* Info.plist */ = {isa = PBXFileReference; lastKnownFileType = text.plist.xml; path = Info.plist; sourceTree = "<group>"; };
		751524002BFE667F00C6A186 /* DataStore.swift */ = {isa = PBXFileReference; lastKnownFileType = sourcecode.swift; path = DataStore.swift; sourceTree = "<group>"; };
		751524062BFE670700C6A186 /* Person.swift */ = {isa = PBXFileReference; lastKnownFileType = sourcecode.swift; path = Person.swift; sourceTree = "<group>"; };
		753987D92C00FA1E0046A075 /* TabBarViewController.swift */ = {isa = PBXFileReference; lastKnownFileType = sourcecode.swift; path = TabBarViewController.swift; sourceTree = "<group>"; };
		8F63CF5A2C0E191F0024CBED /* HeaderViewCell.swift */ = {isa = PBXFileReference; lastKnownFileType = sourcecode.swift; path = HeaderViewCell.swift; sourceTree = "<group>"; };
/* End PBXFileReference section */

/* Begin PBXFrameworksBuildPhase section */
		751523E02BFE5E2100C6A186 /* Frameworks */ = {
			isa = PBXFrameworksBuildPhase;
			buildActionMask = 2147483647;
			files = (
			);
			runOnlyForDeploymentPostprocessing = 0;
		};
/* End PBXFrameworksBuildPhase section */

/* Begin PBXGroup section */
		751523DA2BFE5E2100C6A186 = {
			isa = PBXGroup;
			children = (
				751523E52BFE5E2100C6A186 /* PersonList */,
				751523E42BFE5E2100C6A186 /* Products */,
			);
			sourceTree = "<group>";
		};
		751523E42BFE5E2100C6A186 /* Products */ = {
			isa = PBXGroup;
			children = (
				751523E32BFE5E2100C6A186 /* PersonList.app */,
			);
			name = Products;
			sourceTree = "<group>";
		};
		751523E52BFE5E2100C6A186 /* PersonList */ = {
			isa = PBXGroup;
			children = (
				8F63CF592C0E18760024CBED /* Views */,
				751524032BFE669F00C6A186 /* App */,
				751524082BFE671700C6A186 /* Models */,
				751524052BFE66CA00C6A186 /* ViewControllers */,
				751524042BFE66AF00C6A186 /* Storyboards */,
				751524022BFE668500C6A186 /* Services */,
				751523EF2BFE5E2300C6A186 /* Assets.xcassets */,
			);
			path = PersonList;
			sourceTree = "<group>";
		};
		751524022BFE668500C6A186 /* Services */ = {
			isa = PBXGroup;
			children = (
				751524002BFE667F00C6A186 /* DataStore.swift */,
			);
			path = Services;
			sourceTree = "<group>";
		};
		751524032BFE669F00C6A186 /* App */ = {
			isa = PBXGroup;
			children = (
				751523E62BFE5E2100C6A186 /* AppDelegate.swift */,
				751523E82BFE5E2100C6A186 /* SceneDelegate.swift */,
				751523F42BFE5E2300C6A186 /* Info.plist */,
			);
			path = App;
			sourceTree = "<group>";
		};
		751524042BFE66AF00C6A186 /* Storyboards */ = {
			isa = PBXGroup;
			children = (
				751523EC2BFE5E2100C6A186 /* Main.storyboard */,
				751523F12BFE5E2300C6A186 /* LaunchScreen.storyboard */,
			);
			path = Storyboards;
			sourceTree = "<group>";
		};
		751524052BFE66CA00C6A186 /* ViewControllers */ = {
			isa = PBXGroup;
			children = (
				753987D92C00FA1E0046A075 /* TabBarViewController.swift */,
				750953052C009531001A55D2 /* PersonListViewController.swift */,
				750953072C00A8D8001A55D2 /* DetailsViewController.swift */,
				7509530A2C00ACDE001A55D2 /* PersonInfoViewController.swift */,
			);
			path = ViewControllers;
			sourceTree = "<group>";
		};
		751524082BFE671700C6A186 /* Models */ = {
			isa = PBXGroup;
			children = (
				751524062BFE670700C6A186 /* Person.swift */,
			);
			path = Models;
			sourceTree = "<group>";
		};
		8F63CF592C0E18760024CBED /* Views */ = {
			isa = PBXGroup;
			children = (
				8F63CF5A2C0E191F0024CBED /* HeaderViewCell.swift */,
			);
			path = Views;
			sourceTree = "<group>";
		};
/* End PBXGroup section */

/* Begin PBXNativeTarget section */
		751523E22BFE5E2100C6A186 /* PersonList */ = {
			isa = PBXNativeTarget;
			buildConfigurationList = 751523F72BFE5E2300C6A186 /* Build configuration list for PBXNativeTarget "PersonList" */;
			buildPhases = (
				751523DF2BFE5E2100C6A186 /* Sources */,
				751523E02BFE5E2100C6A186 /* Frameworks */,
				751523E12BFE5E2100C6A186 /* Resources */,
			);
			buildRules = (
			);
			dependencies = (
			);
			name = PersonList;
			productName = PersonList;
			productReference = 751523E32BFE5E2100C6A186 /* PersonList.app */;
			productType = "com.apple.product-type.application";
		};
/* End PBXNativeTarget section */

/* Begin PBXProject section */
		751523DB2BFE5E2100C6A186 /* Project object */ = {
			isa = PBXProject;
			attributes = {
				BuildIndependentTargetsInParallel = 1;
				LastSwiftUpdateCheck = 1510;
				LastUpgradeCheck = 1510;
				TargetAttributes = {
					751523E22BFE5E2100C6A186 = {
						CreatedOnToolsVersion = 15.1;
					};
				};
			};
			buildConfigurationList = 751523DE2BFE5E2100C6A186 /* Build configuration list for PBXProject "PersonList" */;
			compatibilityVersion = "Xcode 14.0";
			developmentRegion = en;
			hasScannedForEncodings = 0;
			knownRegions = (
				en,
				Base,
			);
			mainGroup = 751523DA2BFE5E2100C6A186;
			productRefGroup = 751523E42BFE5E2100C6A186 /* Products */;
			projectDirPath = "";
			projectRoot = "";
			targets = (
				751523E22BFE5E2100C6A186 /* PersonList */,
			);
		};
/* End PBXProject section */

/* Begin PBXResourcesBuildPhase section */
		751523E12BFE5E2100C6A186 /* Resources */ = {
			isa = PBXResourcesBuildPhase;
			buildActionMask = 2147483647;
			files = (
				751523F32BFE5E2300C6A186 /* LaunchScreen.storyboard in Resources */,
				751523F02BFE5E2300C6A186 /* Assets.xcassets in Resources */,
				751523EE2BFE5E2100C6A186 /* Main.storyboard in Resources */,
			);
			runOnlyForDeploymentPostprocessing = 0;
		};
/* End PBXResourcesBuildPhase section */

/* Begin PBXSourcesBuildPhase section */
		751523DF2BFE5E2100C6A186 /* Sources */ = {
			isa = PBXSourcesBuildPhase;
			buildActionMask = 2147483647;
			files = (
				753987DA2C00FA1E0046A075 /* TabBarViewController.swift in Sources */,
				751524072BFE670700C6A186 /* Person.swift in Sources */,
				751523E72BFE5E2100C6A186 /* AppDelegate.swift in Sources */,
				8F63CF5B2C0E191F0024CBED /* HeaderViewCell.swift in Sources */,
				750953082C00A8D8001A55D2 /* DetailsViewController.swift in Sources */,
				750953062C009531001A55D2 /* PersonListViewController.swift in Sources */,
				751523E92BFE5E2100C6A186 /* SceneDelegate.swift in Sources */,
				7509530B2C00ACDE001A55D2 /* PersonInfoViewController.swift in Sources */,
				751524012BFE667F00C6A186 /* DataStore.swift in Sources */,
			);
			runOnlyForDeploymentPostprocessing = 0;
		};
/* End PBXSourcesBuildPhase section */

/* Begin PBXVariantGroup section */
		751523EC2BFE5E2100C6A186 /* Main.storyboard */ = {
			isa = PBXVariantGroup;
			children = (
				751523ED2BFE5E2100C6A186 /* Base */,
			);
			name = Main.storyboard;
			sourceTree = "<group>";
		};
		751523F12BFE5E2300C6A186 /* LaunchScreen.storyboard */ = {
			isa = PBXVariantGroup;
			children = (
				751523F22BFE5E2300C6A186 /* Base */,
			);
			name = LaunchScreen.storyboard;
			sourceTree = "<group>";
		};
/* End PBXVariantGroup section */

/* Begin XCBuildConfiguration section */
		751523F52BFE5E2300C6A186 /* Debug */ = {
			isa = XCBuildConfiguration;
			buildSettings = {
				ALWAYS_SEARCH_USER_PATHS = NO;
				ASSETCATALOG_COMPILER_GENERATE_SWIFT_ASSET_SYMBOL_EXTENSIONS = YES;
				CLANG_ANALYZER_NONNULL = YES;
				CLANG_ANALYZER_NUMBER_OBJECT_CONVERSION = YES_AGGRESSIVE;
				CLANG_CXX_LANGUAGE_STANDARD = "gnu++20";
				CLANG_ENABLE_MODULES = YES;
				CLANG_ENABLE_OBJC_ARC = YES;
				CLANG_ENABLE_OBJC_WEAK = YES;
				CLANG_WARN_BLOCK_CAPTURE_AUTORELEASING = YES;
				CLANG_WARN_BOOL_CONVERSION = YES;
				CLANG_WARN_COMMA = YES;
				CLANG_WARN_CONSTANT_CONVERSION = YES;
				CLANG_WARN_DEPRECATED_OBJC_IMPLEMENTATIONS = YES;
				CLANG_WARN_DIRECT_OBJC_ISA_USAGE = YES_ERROR;
				CLANG_WARN_DOCUMENTATION_COMMENTS = YES;
				CLANG_WARN_EMPTY_BODY = YES;
				CLANG_WARN_ENUM_CONVERSION = YES;
				CLANG_WARN_INFINITE_RECURSION = YES;
				CLANG_WARN_INT_CONVERSION = YES;
				CLANG_WARN_NON_LITERAL_NULL_CONVERSION = YES;
				CLANG_WARN_OBJC_IMPLICIT_RETAIN_SELF = YES;
				CLANG_WARN_OBJC_LITERAL_CONVERSION = YES;
				CLANG_WARN_OBJC_ROOT_CLASS = YES_ERROR;
				CLANG_WARN_QUOTED_INCLUDE_IN_FRAMEWORK_HEADER = YES;
				CLANG_WARN_RANGE_LOOP_ANALYSIS = YES;
				CLANG_WARN_STRICT_PROTOTYPES = YES;
				CLANG_WARN_SUSPICIOUS_MOVE = YES;
				CLANG_WARN_UNGUARDED_AVAILABILITY = YES_AGGRESSIVE;
				CLANG_WARN_UNREACHABLE_CODE = YES;
				CLANG_WARN__DUPLICATE_METHOD_MATCH = YES;
				COPY_PHASE_STRIP = NO;
				DEBUG_INFORMATION_FORMAT = dwarf;
				ENABLE_STRICT_OBJC_MSGSEND = YES;
				ENABLE_TESTABILITY = YES;
				ENABLE_USER_SCRIPT_SANDBOXING = YES;
				GCC_C_LANGUAGE_STANDARD = gnu17;
				GCC_DYNAMIC_NO_PIC = NO;
				GCC_NO_COMMON_BLOCKS = YES;
				GCC_OPTIMIZATION_LEVEL = 0;
				GCC_PREPROCESSOR_DEFINITIONS = (
					"DEBUG=1",
					"$(inherited)",
				);
				GCC_WARN_64_TO_32_BIT_CONVERSION = YES;
				GCC_WARN_ABOUT_RETURN_TYPE = YES_ERROR;
				GCC_WARN_UNDECLARED_SELECTOR = YES;
				GCC_WARN_UNINITIALIZED_AUTOS = YES_AGGRESSIVE;
				GCC_WARN_UNUSED_FUNCTION = YES;
				GCC_WARN_UNUSED_VARIABLE = YES;
				IPHONEOS_DEPLOYMENT_TARGET = 17.2;
				LOCALIZATION_PREFERS_STRING_CATALOGS = YES;
				MTL_ENABLE_DEBUG_INFO = INCLUDE_SOURCE;
				MTL_FAST_MATH = YES;
				ONLY_ACTIVE_ARCH = YES;
				SDKROOT = iphoneos;
				SWIFT_ACTIVE_COMPILATION_CONDITIONS = "DEBUG $(inherited)";
				SWIFT_OPTIMIZATION_LEVEL = "-Onone";
			};
			name = Debug;
		};
		751523F62BFE5E2300C6A186 /* Release */ = {
			isa = XCBuildConfiguration;
			buildSettings = {
				ALWAYS_SEARCH_USER_PATHS = NO;
				ASSETCATALOG_COMPILER_GENERATE_SWIFT_ASSET_SYMBOL_EXTENSIONS = YES;
				CLANG_ANALYZER_NONNULL = YES;
				CLANG_ANALYZER_NUMBER_OBJECT_CONVERSION = YES_AGGRESSIVE;
				CLANG_CXX_LANGUAGE_STANDARD = "gnu++20";
				CLANG_ENABLE_MODULES = YES;
				CLANG_ENABLE_OBJC_ARC = YES;
				CLANG_ENABLE_OBJC_WEAK = YES;
				CLANG_WARN_BLOCK_CAPTURE_AUTORELEASING = YES;
				CLANG_WARN_BOOL_CONVERSION = YES;
				CLANG_WARN_COMMA = YES;
				CLANG_WARN_CONSTANT_CONVERSION = YES;
				CLANG_WARN_DEPRECATED_OBJC_IMPLEMENTATIONS = YES;
				CLANG_WARN_DIRECT_OBJC_ISA_USAGE = YES_ERROR;
				CLANG_WARN_DOCUMENTATION_COMMENTS = YES;
				CLANG_WARN_EMPTY_BODY = YES;
				CLANG_WARN_ENUM_CONVERSION = YES;
				CLANG_WARN_INFINITE_RECURSION = YES;
				CLANG_WARN_INT_CONVERSION = YES;
				CLANG_WARN_NON_LITERAL_NULL_CONVERSION = YES;
				CLANG_WARN_OBJC_IMPLICIT_RETAIN_SELF = YES;
				CLANG_WARN_OBJC_LITERAL_CONVERSION = YES;
				CLANG_WARN_OBJC_ROOT_CLASS = YES_ERROR;
				CLANG_WARN_QUOTED_INCLUDE_IN_FRAMEWORK_HEADER = YES;
				CLANG_WARN_RANGE_LOOP_ANALYSIS = YES;
				CLANG_WARN_STRICT_PROTOTYPES = YES;
				CLANG_WARN_SUSPICIOUS_MOVE = YES;
				CLANG_WARN_UNGUARDED_AVAILABILITY = YES_AGGRESSIVE;
				CLANG_WARN_UNREACHABLE_CODE = YES;
				CLANG_WARN__DUPLICATE_METHOD_MATCH = YES;
				COPY_PHASE_STRIP = NO;
				DEBUG_INFORMATION_FORMAT = "dwarf-with-dsym";
				ENABLE_NS_ASSERTIONS = NO;
				ENABLE_STRICT_OBJC_MSGSEND = YES;
				ENABLE_USER_SCRIPT_SANDBOXING = YES;
				GCC_C_LANGUAGE_STANDARD = gnu17;
				GCC_NO_COMMON_BLOCKS = YES;
				GCC_WARN_64_TO_32_BIT_CONVERSION = YES;
				GCC_WARN_ABOUT_RETURN_TYPE = YES_ERROR;
				GCC_WARN_UNDECLARED_SELECTOR = YES;
				GCC_WARN_UNINITIALIZED_AUTOS = YES_AGGRESSIVE;
				GCC_WARN_UNUSED_FUNCTION = YES;
				GCC_WARN_UNUSED_VARIABLE = YES;
				IPHONEOS_DEPLOYMENT_TARGET = 17.2;
				LOCALIZATION_PREFERS_STRING_CATALOGS = YES;
				MTL_ENABLE_DEBUG_INFO = NO;
				MTL_FAST_MATH = YES;
				SDKROOT = iphoneos;
				SWIFT_COMPILATION_MODE = wholemodule;
				VALIDATE_PRODUCT = YES;
			};
			name = Release;
		};
		751523F82BFE5E2300C6A186 /* Debug */ = {
			isa = XCBuildConfiguration;
			buildSettings = {
				ASSETCATALOG_COMPILER_APPICON_NAME = AppIcon;
				ASSETCATALOG_COMPILER_GLOBAL_ACCENT_COLOR_NAME = AccentColor;
				CODE_SIGN_STYLE = Automatic;
				CURRENT_PROJECT_VERSION = 1;
				DEVELOPMENT_TEAM = 4D2YVVCBXR;
				GENERATE_INFOPLIST_FILE = YES;
				INFOPLIST_FILE = PersonList/App/Info.plist;
				INFOPLIST_KEY_UIApplicationSupportsIndirectInputEvents = YES;
				INFOPLIST_KEY_UILaunchStoryboardName = LaunchScreen;
				INFOPLIST_KEY_UIMainStoryboardFile = Main;
				INFOPLIST_KEY_UISupportedInterfaceOrientations = UIInterfaceOrientationPortrait;
				INFOPLIST_KEY_UISupportedInterfaceOrientations_iPad = "UIInterfaceOrientationLandscapeLeft UIInterfaceOrientationLandscapeRight UIInterfaceOrientationPortrait UIInterfaceOrientationPortraitUpsideDown";
				LD_RUNPATH_SEARCH_PATHS = (
					"$(inherited)",
					"@executable_path/Frameworks",
				);
				MARKETING_VERSION = 1.0;
				PRODUCT_BUNDLE_IDENTIFIER = Eugene.PersonList;
				PRODUCT_NAME = "$(TARGET_NAME)";
				SUPPORTED_PLATFORMS = "iphoneos iphonesimulator";
				SUPPORTS_MACCATALYST = NO;
				SUPPORTS_MAC_DESIGNED_FOR_IPHONE_IPAD = NO;
				SWIFT_EMIT_LOC_STRINGS = YES;
				SWIFT_VERSION = 5.0;
				TARGETED_DEVICE_FAMILY = 1;
			};
			name = Debug;
		};
		751523F92BFE5E2300C6A186 /* Release */ = {
			isa = XCBuildConfiguration;
			buildSettings = {
				ASSETCATALOG_COMPILER_APPICON_NAME = AppIcon;
				ASSETCATALOG_COMPILER_GLOBAL_ACCENT_COLOR_NAME = AccentColor;
				CODE_SIGN_STYLE = Automatic;
				CURRENT_PROJECT_VERSION = 1;
				DEVELOPMENT_TEAM = 4D2YVVCBXR;
				GENERATE_INFOPLIST_FILE = YES;
				INFOPLIST_FILE = PersonList/App/Info.plist;
				INFOPLIST_KEY_UIApplicationSupportsIndirectInputEvents = YES;
				INFOPLIST_KEY_UILaunchStoryboardName = LaunchScreen;
				INFOPLIST_KEY_UIMainStoryboardFile = Main;
				INFOPLIST_KEY_UISupportedInterfaceOrientations = UIInterfaceOrientationPortrait;
				INFOPLIST_KEY_UISupportedInterfaceOrientations_iPad = "UIInterfaceOrientationLandscapeLeft UIInterfaceOrientationLandscapeRight UIInterfaceOrientationPortrait UIInterfaceOrientationPortraitUpsideDown";
				LD_RUNPATH_SEARCH_PATHS = (
					"$(inherited)",
					"@executable_path/Frameworks",
				);
				MARKETING_VERSION = 1.0;
				PRODUCT_BUNDLE_IDENTIFIER = Eugene.PersonList;
				PRODUCT_NAME = "$(TARGET_NAME)";
				SUPPORTED_PLATFORMS = "iphoneos iphonesimulator";
				SUPPORTS_MACCATALYST = NO;
				SUPPORTS_MAC_DESIGNED_FOR_IPHONE_IPAD = NO;
				SWIFT_EMIT_LOC_STRINGS = YES;
				SWIFT_VERSION = 5.0;
				TARGETED_DEVICE_FAMILY = 1;
			};
			name = Release;
		};
/* End XCBuildConfiguration section */

/* Begin XCConfigurationList section */
		751523DE2BFE5E2100C6A186 /* Build configuration list for PBXProject "PersonList" */ = {
			isa = XCConfigurationList;
			buildConfigurations = (
				751523F52BFE5E2300C6A186 /* Debug */,
				751523F62BFE5E2300C6A186 /* Release */,
			);
			defaultConfigurationIsVisible = 0;
			defaultConfigurationName = Release;
		};
		751523F72BFE5E2300C6A186 /* Build configuration list for PBXNativeTarget "PersonList" */ = {
			isa = XCConfigurationList;
			buildConfigurations = (
				751523F82BFE5E2300C6A186 /* Debug */,
				751523F92BFE5E2300C6A186 /* Release */,
			);
			defaultConfigurationIsVisible = 0;
			defaultConfigurationName = Release;
		};
/* End XCConfigurationList section */
	};
	rootObject = 751523DB2BFE5E2100C6A186 /* Project object */;
}
